
Microsoft Visual Studio Solution File, Format Version 12.00
# Visual Studio 15
VisualStudioVersion = 15.0.28307.136
MinimumVisualStudioVersion = 10.0.40219.1
Project("{FAE04EC0-301F-11D3-BF4B-00C04F79EFBC}") = "SKY", "SKY\SKY.csproj", "{80C99688-F060-472E-9DCC-2D8F52610DBC}"
EndProject
Global
	GlobalSection(SolutionConfigurationPlatforms) = preSolution
		Debug|Any CPU = Debug|Any CPU
		Release|Any CPU = Release|Any CPU
	EndGlobalSection
	GlobalSection(ProjectConfigurationPlatforms) = postSolution
		{80C99688-F060-472E-9DCC-2D8F52610DBC}.Debug|Any CPU.ActiveCfg = Debug|Any CPU
		{80C99688-F060-472E-9DCC-2D8F52610DBC}.Debug|Any CPU.Build.0 = Debug|Any CPU
		{80C99688-F060-472E-9DCC-2D8F52610DBC}.Release|Any CPU.ActiveCfg = Release|Any CPU
		{80C99688-F060-472E-9DCC-2D8F52610DBC}.Release|Any CPU.Build.0 = Release|Any CPU
	EndGlobalSection
	GlobalSection(SolutionProperties) = preSolution
		HideSolutionNode = FALSE
	EndGlobalSection
	GlobalSection(ExtensibilityGlobals) = postSolution
		SolutionGuid = {9BCEEEF4-ACF0-48FF-988F-DD271D6F43BA}
	EndGlobalSection
EndGlobal
